
Microsoft Visual Studio Solution File, Format Version 12.00
# Visual Studio 15
VisualStudioVersion = 15.0.28010.2050
MinimumVisualStudioVersion = 10.0.40219.1
Project("{FAE04EC0-301F-11D3-BF4B-00C04F79EFBC}") = "CloudProgrammingTask6", "CloudProgrammingTask6\CloudProgrammingTask6.csproj", "{45D1131C-20CD-49D4-90CE-C80DD5D4705A}"
EndProject
Global
	GlobalSection(SolutionConfigurationPlatforms) = preSolution
		Debug|Any CPU = Debug|Any CPU
		Release|Any CPU = Release|Any CPU
	EndGlobalSection
	GlobalSection(ProjectConfigurationPlatforms) = postSolution
		{45D1131C-20CD-49D4-90CE-C80DD5D4705A}.Debug|Any CPU.ActiveCfg = Debug|Any CPU
		{45D1131C-20CD-49D4-90CE-C80DD5D4705A}.Debug|Any CPU.Build.0 = Debug|Any CPU
		{45D1131C-20CD-49D4-90CE-C80DD5D4705A}.Release|Any CPU.ActiveCfg = Release|Any CPU
		{45D1131C-20CD-49D4-90CE-C80DD5D4705A}.Release|Any CPU.Build.0 = Release|Any CPU
	EndGlobalSection
	GlobalSection(SolutionProperties) = preSolution
		HideSolutionNode = FALSE
	EndGlobalSection
	GlobalSection(ExtensibilityGlobals) = postSolution
		SolutionGuid = {FD2EB6C8-367E-455E-82E0-EE2170D4CF64}
	EndGlobalSection
EndGlobal
